# Generated by pub
# See https://dart.dev/tools/pub/glossary#lockfile
packages:
  function_tree:
    dependency: "direct main"
    description:
      name: function_tree
      url: "https://pub.dartlang.org"
    source: hosted
    version: "0.2.6"
  normal:
    dependency: "direct main"
    description:
      name: normal
      url: "https://pub.dartlang.org"
    source: hosted
    version: "0.5.1"
sdks:
  dart: ">=2.6.0 <3.0.0"
