# Generated by pub
# See https://www.dartlang.org/tools/pub/glossary#lockfile
packages:
  function_tree:
    dependency: "direct main"
    description:
      path: "."
      ref: HEAD
      resolved-ref: "88dff38bbec94da45534c99b9ec92ed7d756fbf2"
      url: "https://ram6ler@bitbucket.org/ram6ler/function-tree.git"
    source: git
    version: "0.2.6"
sdks:
  dart: ">=2.1.0 <3.0.0"
