# Generated by pub
# See https://www.dartlang.org/tools/pub/glossary#lockfile
packages:
  function_tree:
    dependency: "direct main"
    description:
      name: function_tree
      url: "https://pub.dartlang.org"
    source: hosted
    version: "0.2.6"
  normal:
    dependency: "direct main"
    description:
      name: normal
      url: "https://pub.dartlang.org"
    source: hosted
    version: "0.5.1"
  pedantic:
    dependency: "direct main"
    description:
      name: pedantic
      url: "https://pub.dartlang.org"
    source: hosted
    version: "1.4.0"
sdks:
  dart: ">=2.1.0 <3.0.0"
